
Microsoft Visual Studio Solution File, Format Version 12.00
# Visual Studio Version 17
VisualStudioVersion = 17.4.33403.182
MinimumVisualStudioVersion = 10.0.40219.1
Project("{FAE04EC0-301F-11D3-BF4B-00C04F79EFBC}") = "Imageverse.Api", "Imageverse.Api\Imageverse.Api.csproj", "{7E953244-23F7-4B9A-B92E-6C391BED6E60}"
EndProject
Project("{FAE04EC0-301F-11D3-BF4B-00C04F79EFBC}") = "Imageverse.Contracts", "Imageverse.Contracts\Imageverse.Contracts.csproj", "{3DC87339-0EB0-4028-8C8D-9FBC1E9CA813}"
EndProject
Project("{FAE04EC0-301F-11D3-BF4B-00C04F79EFBC}") = "Imageverse.Infrastructure", "Imageverse.Infrastructure\Imageverse.Infrastructure.csproj", "{0142B365-D6EA-4836-8D58-58DD418C4983}"
EndProject
Project("{FAE04EC0-301F-11D3-BF4B-00C04F79EFBC}") = "Imageverse.Application", "Imageverse.Application\Imageverse.Application.csproj", "{0659E03A-27AF-4AB8-833B-DFF5BA2D5B4B}"
EndProject
Project("{FAE04EC0-301F-11D3-BF4B-00C04F79EFBC}") = "Imageverse.Domain", "Imageverse.Domain\Imageverse.Domain.csproj", "{A3F1F6F3-5FA2-433B-BD08-A5B29F8BE726}"
EndProject
Global
	GlobalSection(SolutionConfigurationPlatforms) = preSolution
		Debug|Any CPU = Debug|Any CPU
		Release|Any CPU = Release|Any CPU
	EndGlobalSection
	GlobalSection(ProjectConfigurationPlatforms) = postSolution
		{7E953244-23F7-4B9A-B92E-6C391BED6E60}.Debug|Any CPU.ActiveCfg = Debug|Any CPU
		{7E953244-23F7-4B9A-B92E-6C391BED6E60}.Debug|Any CPU.Build.0 = Debug|Any CPU
		{7E953244-23F7-4B9A-B92E-6C391BED6E60}.Release|Any CPU.ActiveCfg = Release|Any CPU
		{7E953244-23F7-4B9A-B92E-6C391BED6E60}.Release|Any CPU.Build.0 = Release|Any CPU
		{3DC87339-0EB0-4028-8C8D-9FBC1E9CA813}.Debug|Any CPU.ActiveCfg = Debug|Any CPU
		{3DC87339-0EB0-4028-8C8D-9FBC1E9CA813}.Debug|Any CPU.Build.0 = Debug|Any CPU
		{3DC87339-0EB0-4028-8C8D-9FBC1E9CA813}.Release|Any CPU.ActiveCfg = Release|Any CPU
		{3DC87339-0EB0-4028-8C8D-9FBC1E9CA813}.Release|Any CPU.Build.0 = Release|Any CPU
		{0142B365-D6EA-4836-8D58-58DD418C4983}.Debug|Any CPU.ActiveCfg = Debug|Any CPU
		{0142B365-D6EA-4836-8D58-58DD418C4983}.Debug|Any CPU.Build.0 = Debug|Any CPU
		{0142B365-D6EA-4836-8D58-58DD418C4983}.Release|Any CPU.ActiveCfg = Release|Any CPU
		{0142B365-D6EA-4836-8D58-58DD418C4983}.Release|Any CPU.Build.0 = Release|Any CPU
		{0659E03A-27AF-4AB8-833B-DFF5BA2D5B4B}.Debug|Any CPU.ActiveCfg = Debug|Any CPU
		{0659E03A-27AF-4AB8-833B-DFF5BA2D5B4B}.Debug|Any CPU.Build.0 = Debug|Any CPU
		{0659E03A-27AF-4AB8-833B-DFF5BA2D5B4B}.Release|Any CPU.ActiveCfg = Release|Any CPU
		{0659E03A-27AF-4AB8-833B-DFF5BA2D5B4B}.Release|Any CPU.Build.0 = Release|Any CPU
		{A3F1F6F3-5FA2-433B-BD08-A5B29F8BE726}.Debug|Any CPU.ActiveCfg = Debug|Any CPU
		{A3F1F6F3-5FA2-433B-BD08-A5B29F8BE726}.Debug|Any CPU.Build.0 = Debug|Any CPU
		{A3F1F6F3-5FA2-433B-BD08-A5B29F8BE726}.Release|Any CPU.ActiveCfg = Release|Any CPU
		{A3F1F6F3-5FA2-433B-BD08-A5B29F8BE726}.Release|Any CPU.Build.0 = Release|Any CPU
	EndGlobalSection
	GlobalSection(SolutionProperties) = preSolution
		HideSolutionNode = FALSE
	EndGlobalSection
	GlobalSection(ExtensibilityGlobals) = postSolution
		SolutionGuid = {A088AA44-C80E-4EDC-BBE8-9BAEAE7309B1}
	EndGlobalSection
EndGlobal
